
Microsoft Visual Studio Solution File, Format Version 12.00
# Visual Studio Version 16
VisualStudioVersion = 16.0.30503.244
MinimumVisualStudioVersion = 10.0.40219.1
Project("{888888A0-9F3D-457C-B088-3A5042F75D52}") = "start_device", "start_device.pyproj", "{91154EBE-26B9-43C7-BF16-90A3FAF54BC6}"
EndProject
Global
	GlobalSection(SolutionConfigurationPlatforms) = preSolution
		Debug|Any CPU = Debug|Any CPU
		Release|Any CPU = Release|Any CPU
	EndGlobalSection
	GlobalSection(ProjectConfigurationPlatforms) = postSolution
		{91154EBE-26B9-43C7-BF16-90A3FAF54BC6}.Debug|Any CPU.ActiveCfg = Debug|Any CPU
		{91154EBE-26B9-43C7-BF16-90A3FAF54BC6}.Release|Any CPU.ActiveCfg = Release|Any CPU
	EndGlobalSection
	GlobalSection(SolutionProperties) = preSolution
		HideSolutionNode = FALSE
	EndGlobalSection
	GlobalSection(ExtensibilityGlobals) = postSolution
		SolutionGuid = {D13B9F83-DB6E-4CAC-A9B5-1D952A417A0B}
	EndGlobalSection
EndGlobal
